
Microsoft Visual Studio Solution File, Format Version 12.00
# Visual Studio Version 17
VisualStudioVersion = 17.2.32519.379
MinimumVisualStudioVersion = 10.0.40219.1
Project("{FAE04EC0-301F-11D3-BF4B-00C04F79EFBC}") = "ContactsAPI", "ContactsAPI\ContactsAPI.csproj", "{40D910E0-599F-483A-A36A-D61B971E7708}"
EndProject
Global
	GlobalSection(SolutionConfigurationPlatforms) = preSolution
		Debug|Any CPU = Debug|Any CPU
		Release|Any CPU = Release|Any CPU
	EndGlobalSection
	GlobalSection(ProjectConfigurationPlatforms) = postSolution
		{40D910E0-599F-483A-A36A-D61B971E7708}.Debug|Any CPU.ActiveCfg = Debug|Any CPU
		{40D910E0-599F-483A-A36A-D61B971E7708}.Debug|Any CPU.Build.0 = Debug|Any CPU
		{40D910E0-599F-483A-A36A-D61B971E7708}.Release|Any CPU.ActiveCfg = Release|Any CPU
		{40D910E0-599F-483A-A36A-D61B971E7708}.Release|Any CPU.Build.0 = Release|Any CPU
	EndGlobalSection
	GlobalSection(SolutionProperties) = preSolution
		HideSolutionNode = FALSE
	EndGlobalSection
	GlobalSection(ExtensibilityGlobals) = postSolution
		SolutionGuid = {10C52C33-E97F-41B9-AC17-0FEA9812DEB7}
	EndGlobalSection
EndGlobal
